
Microsoft Visual Studio Solution File, Format Version 12.00
# Visual Studio Version 17
VisualStudioVersion = 17.12.35506.116
MinimumVisualStudioVersion = 10.0.40219.1
Project("{FAE04EC0-301F-11D3-BF4B-00C04F79EFBC}") = "DotNetBatch14HZYK.ConsoleApp", "DotNetBatch14HZYK1.ConsoleApp\DotNetBatch14HZYK.ConsoleApp.csproj", "{51A72597-8373-4DCA-AE3D-FDDB59303D5F}"
EndProject
Project("{FAE04EC0-301F-11D3-BF4B-00C04F79EFBC}") = "DotNetBatch14HZYK.RestApi", "DotNetBatch14HZYK.RestApi\DotNetBatch14HZYK.RestApi.csproj", "{245F41EA-D32D-469C-8C9D-6F86EAE704B4}"
EndProject
Project("{FAE04EC0-301F-11D3-BF4B-00C04F79EFBC}") = "DotNetBatch14HZYK.RestApiDotNetFramework", "DotNetBatch14HZYK.RestApiDotNetFramework\DotNetBatch14HZYK.RestApiDotNetFramework.csproj", "{8DF942CD-A960-45BD-80FE-299C7C914A96}"
EndProject
Project("{FAE04EC0-301F-11D3-BF4B-00C04F79EFBC}") = "KpayTransferSystemHZYK.RestApi", "KpayTransferSystemHZYK.RestApi\KpayTransferSystemHZYK.RestApi.csproj", "{F7CA628F-CA35-48DA-A88E-B31257F4068F}"
EndProject
Project("{FAE04EC0-301F-11D3-BF4B-00C04F79EFBC}") = "MiniPosSystemHZYK.RestApi", "MiniPosSystemHZYK.RestApi\MiniPosSystemHZYK.RestApi.csproj", "{6F03F0B9-C7BF-4963-8C55-3726BF5ECDFD}"
EndProject
Project("{FAE04EC0-301F-11D3-BF4B-00C04F79EFBC}") = "KPayTransferHZYK.RestApi", "KPayTransferHZYK.RestApi\KPayTransferHZYK.RestApi.csproj", "{F8DA6B61-A13E-4F5F-AE98-63F4E9E3EB5A}"
EndProject
Global
	GlobalSection(SolutionConfigurationPlatforms) = preSolution
		Debug|Any CPU = Debug|Any CPU
		Release|Any CPU = Release|Any CPU
	EndGlobalSection
	GlobalSection(ProjectConfigurationPlatforms) = postSolution
		{51A72597-8373-4DCA-AE3D-FDDB59303D5F}.Debug|Any CPU.ActiveCfg = Debug|Any CPU
		{51A72597-8373-4DCA-AE3D-FDDB59303D5F}.Debug|Any CPU.Build.0 = Debug|Any CPU
		{51A72597-8373-4DCA-AE3D-FDDB59303D5F}.Release|Any CPU.ActiveCfg = Release|Any CPU
		{51A72597-8373-4DCA-AE3D-FDDB59303D5F}.Release|Any CPU.Build.0 = Release|Any CPU
		{245F41EA-D32D-469C-8C9D-6F86EAE704B4}.Debug|Any CPU.ActiveCfg = Debug|Any CPU
		{245F41EA-D32D-469C-8C9D-6F86EAE704B4}.Debug|Any CPU.Build.0 = Debug|Any CPU
		{245F41EA-D32D-469C-8C9D-6F86EAE704B4}.Release|Any CPU.ActiveCfg = Release|Any CPU
		{245F41EA-D32D-469C-8C9D-6F86EAE704B4}.Release|Any CPU.Build.0 = Release|Any CPU
		{8DF942CD-A960-45BD-80FE-299C7C914A96}.Debug|Any CPU.ActiveCfg = Debug|Any CPU
		{8DF942CD-A960-45BD-80FE-299C7C914A96}.Debug|Any CPU.Build.0 = Debug|Any CPU
		{8DF942CD-A960-45BD-80FE-299C7C914A96}.Release|Any CPU.ActiveCfg = Release|Any CPU
		{8DF942CD-A960-45BD-80FE-299C7C914A96}.Release|Any CPU.Build.0 = Release|Any CPU
		{F7CA628F-CA35-48DA-A88E-B31257F4068F}.Debug|Any CPU.ActiveCfg = Debug|Any CPU
		{F7CA628F-CA35-48DA-A88E-B31257F4068F}.Debug|Any CPU.Build.0 = Debug|Any CPU
		{F7CA628F-CA35-48DA-A88E-B31257F4068F}.Release|Any CPU.ActiveCfg = Release|Any CPU
		{F7CA628F-CA35-48DA-A88E-B31257F4068F}.Release|Any CPU.Build.0 = Release|Any CPU
		{6F03F0B9-C7BF-4963-8C55-3726BF5ECDFD}.Debug|Any CPU.ActiveCfg = Debug|Any CPU
		{6F03F0B9-C7BF-4963-8C55-3726BF5ECDFD}.Debug|Any CPU.Build.0 = Debug|Any CPU
		{6F03F0B9-C7BF-4963-8C55-3726BF5ECDFD}.Release|Any CPU.ActiveCfg = Release|Any CPU
		{6F03F0B9-C7BF-4963-8C55-3726BF5ECDFD}.Release|Any CPU.Build.0 = Release|Any CPU
		{F8DA6B61-A13E-4F5F-AE98-63F4E9E3EB5A}.Debug|Any CPU.ActiveCfg = Debug|Any CPU
		{F8DA6B61-A13E-4F5F-AE98-63F4E9E3EB5A}.Debug|Any CPU.Build.0 = Debug|Any CPU
		{F8DA6B61-A13E-4F5F-AE98-63F4E9E3EB5A}.Release|Any CPU.ActiveCfg = Release|Any CPU
		{F8DA6B61-A13E-4F5F-AE98-63F4E9E3EB5A}.Release|Any CPU.Build.0 = Release|Any CPU
	EndGlobalSection
	GlobalSection(SolutionProperties) = preSolution
		HideSolutionNode = FALSE
	EndGlobalSection
EndGlobal
